
Microsoft Visual Studio Solution File, Format Version 12.00
# Visual Studio Version 16
VisualStudioVersion = 16.0.30204.135
MinimumVisualStudioVersion = 10.0.40219.1
Project("{FAE04EC0-301F-11D3-BF4B-00C04F79EFBC}") = "SteganographyBMP", "SteganographyBMP\SteganographyBMP.csproj", "{9E07B334-EF4E-4403-8663-F5698E17D3F2}"
EndProject
Global
	GlobalSection(SolutionConfigurationPlatforms) = preSolution
		Debug|Any CPU = Debug|Any CPU
		Release|Any CPU = Release|Any CPU
	EndGlobalSection
	GlobalSection(ProjectConfigurationPlatforms) = postSolution
		{9E07B334-EF4E-4403-8663-F5698E17D3F2}.Debug|Any CPU.ActiveCfg = Debug|Any CPU
		{9E07B334-EF4E-4403-8663-F5698E17D3F2}.Debug|Any CPU.Build.0 = Debug|Any CPU
		{9E07B334-EF4E-4403-8663-F5698E17D3F2}.Release|Any CPU.ActiveCfg = Release|Any CPU
		{9E07B334-EF4E-4403-8663-F5698E17D3F2}.Release|Any CPU.Build.0 = Release|Any CPU
	EndGlobalSection
	GlobalSection(SolutionProperties) = preSolution
		HideSolutionNode = FALSE
	EndGlobalSection
	GlobalSection(ExtensibilityGlobals) = postSolution
		SolutionGuid = {332D738D-2B9A-4774-9CC4-EA047A129583}
	EndGlobalSection
EndGlobal
